
Microsoft Visual Studio Solution File, Format Version 12.00
# Visual Studio Version 16
VisualStudioVersion = 16.0.31605.320
MinimumVisualStudioVersion = 10.0.40219.1
Project("{2150E333-8FDC-42A3-9474-1A3956D46DE8}") = "Services", "Services", "{CD1CFCD9-C4A3-433E-8CFA-612C9F0CCA95}"
EndProject
Project("{2150E333-8FDC-42A3-9474-1A3956D46DE8}") = "Catalog", "Catalog", "{75622525-23B1-4C93-94DE-E67F183A3A6C}"
EndProject
Project("{FAE04EC0-301F-11D3-BF4B-00C04F79EFBC}") = "Catalog.API", "Services\Catalog\Catalog.API\Catalog.API.csproj", "{84CDBB29-C478-425D-A2B9-8067B514A77D}"
EndProject
Project("{E53339B2-1760-4266-BCC7-CA923CBCF16C}") = "docker-compose", "docker-compose.dcproj", "{CC56F3CF-FAD7-490A-9094-DEFB07C1F12D}"
EndProject
Global
	GlobalSection(SolutionConfigurationPlatforms) = preSolution
		Debug|Any CPU = Debug|Any CPU
		Release|Any CPU = Release|Any CPU
	EndGlobalSection
	GlobalSection(ProjectConfigurationPlatforms) = postSolution
		{84CDBB29-C478-425D-A2B9-8067B514A77D}.Debug|Any CPU.ActiveCfg = Debug|Any CPU
		{84CDBB29-C478-425D-A2B9-8067B514A77D}.Debug|Any CPU.Build.0 = Debug|Any CPU
		{84CDBB29-C478-425D-A2B9-8067B514A77D}.Release|Any CPU.ActiveCfg = Release|Any CPU
		{84CDBB29-C478-425D-A2B9-8067B514A77D}.Release|Any CPU.Build.0 = Release|Any CPU
		{CC56F3CF-FAD7-490A-9094-DEFB07C1F12D}.Debug|Any CPU.ActiveCfg = Debug|Any CPU
		{CC56F3CF-FAD7-490A-9094-DEFB07C1F12D}.Debug|Any CPU.Build.0 = Debug|Any CPU
		{CC56F3CF-FAD7-490A-9094-DEFB07C1F12D}.Release|Any CPU.ActiveCfg = Release|Any CPU
		{CC56F3CF-FAD7-490A-9094-DEFB07C1F12D}.Release|Any CPU.Build.0 = Release|Any CPU
	EndGlobalSection
	GlobalSection(SolutionProperties) = preSolution
		HideSolutionNode = FALSE
	EndGlobalSection
	GlobalSection(NestedProjects) = preSolution
		{75622525-23B1-4C93-94DE-E67F183A3A6C} = {CD1CFCD9-C4A3-433E-8CFA-612C9F0CCA95}
		{84CDBB29-C478-425D-A2B9-8067B514A77D} = {75622525-23B1-4C93-94DE-E67F183A3A6C}
	EndGlobalSection
	GlobalSection(ExtensibilityGlobals) = postSolution
		SolutionGuid = {2D6C3E54-327F-4F65-B8B9-00A7E52F7C5B}
	EndGlobalSection
EndGlobal
